
Microsoft Visual Studio Solution File, Format Version 12.00
# Visual Studio Version 17
VisualStudioVersion = 17.6.33723.286
MinimumVisualStudioVersion = 10.0.40219.1
Project("{9A19103F-16F7-4668-BE54-9A1E7A4F7556}") = "PokemonReviewApp", "PokemonReviewApp\PokemonReviewApp.csproj", "{AAE37422-AEB8-4E8D-B51D-E4546AE09FCD}"
EndProject
Project("{FAE04EC0-301F-11D3-BF4B-00C04F79EFBC}") = "PokemonReviewApp.Tests", "PokemonReviewApp.Tests\PokemonReviewApp.Tests.csproj", "{55A7FA7B-580E-40E0-91E7-7B28C81476C1}"
EndProject
Global
	GlobalSection(SolutionConfigurationPlatforms) = preSolution
		Debug|Any CPU = Debug|Any CPU
		Release|Any CPU = Release|Any CPU
	EndGlobalSection
	GlobalSection(ProjectConfigurationPlatforms) = postSolution
		{AAE37422-AEB8-4E8D-B51D-E4546AE09FCD}.Debug|Any CPU.ActiveCfg = Debug|Any CPU
		{AAE37422-AEB8-4E8D-B51D-E4546AE09FCD}.Debug|Any CPU.Build.0 = Debug|Any CPU
		{AAE37422-AEB8-4E8D-B51D-E4546AE09FCD}.Release|Any CPU.ActiveCfg = Release|Any CPU
		{AAE37422-AEB8-4E8D-B51D-E4546AE09FCD}.Release|Any CPU.Build.0 = Release|Any CPU
		{55A7FA7B-580E-40E0-91E7-7B28C81476C1}.Debug|Any CPU.ActiveCfg = Debug|Any CPU
		{55A7FA7B-580E-40E0-91E7-7B28C81476C1}.Debug|Any CPU.Build.0 = Debug|Any CPU
		{55A7FA7B-580E-40E0-91E7-7B28C81476C1}.Release|Any CPU.ActiveCfg = Release|Any CPU
		{55A7FA7B-580E-40E0-91E7-7B28C81476C1}.Release|Any CPU.Build.0 = Release|Any CPU
	EndGlobalSection
	GlobalSection(SolutionProperties) = preSolution
		HideSolutionNode = FALSE
	EndGlobalSection
	GlobalSection(ExtensibilityGlobals) = postSolution
		SolutionGuid = {2CC8A378-2506-4FE6-9ADB-72ACDD0DDA01}
	EndGlobalSection
EndGlobal
